# THIS IS AN AUTOGENERATED FILE. DO NOT EDIT THIS FILE DIRECTLY.
# yarn lockfile v1


ffmpeg-kit-react-native@^6.0.2:
  version "6.0.2"
  resolved "https://registry.yarnpkg.com/ffmpeg-kit-react-native/-/ffmpeg-kit-react-native-6.0.2.tgz#9eeac96ad89367c99480bd90431391405d4eb73e"
  integrity sha512-r9uSmahq8TeyIb7fXf3ft+uUXyoeWRFa99+khjo0TAzWO9y0z9wU7eGnab9JLw1MmCB9v64o4yojNluJhVm9nQ==

react-speech-kit@^3.0.1:
  version "3.0.1"
  resolved "https://registry.yarnpkg.com/react-speech-kit/-/react-speech-kit-3.0.1.tgz#8bd936adfe064be1c5a07e2992dfdfd772e80d14"
  integrity sha512-MXNOciISanhmnxpHJkBOev3M3NPDpW1T7nTc/eGw5pO9cXpoUccRxZkmr/IlpTPbPEneDNeTmbwri/YweyctZg==
